
Microsoft Visual Studio Solution File, Format Version 12.00
# Visual Studio 15
VisualStudioVersion = 15.0.27130.2036
MinimumVisualStudioVersion = 10.0.40219.1
Project("{8BC9CEB8-8B4A-11D0-8D11-00A0C91BC942}") = "Photosynthesis_TS_Code_B1", "Photosynthesis_TS_Code_B1\Photosynthesis_TS_Code_B1.vcxproj", "{34E53A32-0FBB-46EE-93BB-DA9429D472E8}"
EndProject
Global
	GlobalSection(SolutionConfigurationPlatforms) = preSolution
		Debug|x64 = Debug|x64
		Debug|x86 = Debug|x86
		Release|x64 = Release|x64
		Release|x86 = Release|x86
	EndGlobalSection
	GlobalSection(ProjectConfigurationPlatforms) = postSolution
		{34E53A32-0FBB-46EE-93BB-DA9429D472E8}.Debug|x64.ActiveCfg = Debug|x64
		{34E53A32-0FBB-46EE-93BB-DA9429D472E8}.Debug|x64.Build.0 = Debug|x64
		{34E53A32-0FBB-46EE-93BB-DA9429D472E8}.Debug|x86.ActiveCfg = Debug|Win32
		{34E53A32-0FBB-46EE-93BB-DA9429D472E8}.Debug|x86.Build.0 = Debug|Win32
		{34E53A32-0FBB-46EE-93BB-DA9429D472E8}.Release|x64.ActiveCfg = Release|x64
		{34E53A32-0FBB-46EE-93BB-DA9429D472E8}.Release|x64.Build.0 = Release|x64
		{34E53A32-0FBB-46EE-93BB-DA9429D472E8}.Release|x86.ActiveCfg = Release|Win32
		{34E53A32-0FBB-46EE-93BB-DA9429D472E8}.Release|x86.Build.0 = Release|Win32
	EndGlobalSection
	GlobalSection(SolutionProperties) = preSolution
		HideSolutionNode = FALSE
	EndGlobalSection
	GlobalSection(ExtensibilityGlobals) = postSolution
		SolutionGuid = {BC465B74-A795-4E11-831A-BFEB17028743}
	EndGlobalSection
EndGlobal
